// !$*UTF8*$!
{
	archiveVersion = 1;
	classes = {
	};
	objectVersion = 77;
	objects = {

/* Begin PBXBuildFile section */
		08BB455835FD98B67480F4BF /* CompareObservationCalendar.swift in Sources */ = {isa = PBXBuildFile; fileRef = 2A0D902F5AE65DD571538F9B /* CompareObservationCalendar.swift */; };
		096C3CFD8730F2245EC0B394 /* ObservationRequirementSheet.swift in Sources */ = {isa = PBXBuildFile; fileRef = B6D9D3A5F0A3D71E05DB7A1D /* ObservationRequirementSheet.swift */; };
		0A464CB536C63C858E13E2A0 /* CameraViewModel.swift in Sources */ = {isa = PBXBuildFile; fileRef = A7B3BFE7E835AF680B7A35FC /* CameraViewModel.swift */; };
		0F3F215D66FCE24F25130D34 /* TimelapseService.swift in Sources */ = {isa = PBXBuildFile; fileRef = BB127F95E1335E07978ABAFA /* TimelapseService.swift */; };
		14C4B8B495E2710CD517CFC7 /* TimelapseVideoGenerator.swift in Sources */ = {isa = PBXBuildFile; fileRef = C1002FF3E000A5264672835E /* TimelapseVideoGenerator.swift */; };
		1637A610D0F1D037CECCE2F7 /* PhotoLibraryPicker.swift in Sources */ = {isa = PBXBuildFile; fileRef = AAC7FBEB6BC979EC04C9E28A /* PhotoLibraryPicker.swift */; };
		1E814D6132779360A764E221 /* LegalConfig.swift in Sources */ = {isa = PBXBuildFile; fileRef = 4804134E2D404667CBD3EE44 /* LegalConfig.swift */; };
		1E9797E9DAEC2B5BD3257567 /* NodeDesignTokens.swift in Sources */ = {isa = PBXBuildFile; fileRef = CDAD6269AF7E77B2A1C82F13 /* NodeDesignTokens.swift */; };
		1F508F914083EB39DBAE04B8 /* EditPlantView.swift in Sources */ = {isa = PBXBuildFile; fileRef = FB56C678DE8B6DC0A5C7955C /* EditPlantView.swift */; };
		283DB88DC0528D6F5195B2F1 /* ReleaseConfig.swift in Sources */ = {isa = PBXBuildFile; fileRef = 73B66A1059A19B2D24E0FFBC /* ReleaseConfig.swift */; };
		29565849524FA535773F0F99 /* NodeTabBar.swift in Sources */ = {isa = PBXBuildFile; fileRef = 6952EE3AD2E917CBFE2DAF1B /* NodeTabBar.swift */; };
		2BD5DFCA136E53DFDB364AC4 /* PlanService.swift in Sources */ = {isa = PBXBuildFile; fileRef = 5D96D305566A34F142C1DC1B /* PlanService.swift */; };
		2D798CEA5B2D021832594802 /* AnalyticsConfig.swift in Sources */ = {isa = PBXBuildFile; fileRef = 68846818E5EBB8DC2984E8BD /* AnalyticsConfig.swift */; };
		2E383B941BE578458CC1F1E4 /* StorageFormat.swift in Sources */ = {isa = PBXBuildFile; fileRef = A54D8E2029ACE5BFC614F1B7 /* StorageFormat.swift */; };
		32D4062E34D50169D2746BF7 /* CompareViewModel.swift in Sources */ = {isa = PBXBuildFile; fileRef = BE2DA37C36C00BED7912124F /* CompareViewModel.swift */; };
		346E3A01526714BEB7610A66 /* WateringIntervalSection.swift in Sources */ = {isa = PBXBuildFile; fileRef = 2C646E69668CA8975B0355C1 /* WateringIntervalSection.swift */; };
		37516A76FD633F8AB88CFAF9 /* Supabase in Frameworks */ = {isa = PBXBuildFile; productRef = EEF0F78A2ADB4468ED581DC2 /* Supabase */; };
		3BF2CC6ED01315EAAE225910 /* CompareRequirementSheet.swift in Sources */ = {isa = PBXBuildFile; fileRef = 2B0EE5361A5A906664DA3DDA /* CompareRequirementSheet.swift */; };
		3E07870EC7E41B6FA1B8F4C5 /* AddPlantViewModel.swift in Sources */ = {isa = PBXBuildFile; fileRef = D38DDCA33DA67C28E2017AE2 /* AddPlantViewModel.swift */; };
		3ECE3DB987BA95703601B8F4 /* NodeComponents.swift in Sources */ = {isa = PBXBuildFile; fileRef = 173EB8C58286F7A75BD73E10 /* NodeComponents.swift */; };
		3F995938F192BEF0113096F4 /* AppInfo.swift in Sources */ = {isa = PBXBuildFile; fileRef = E0ADC732A42D111B21670355 /* AppInfo.swift */; };
		4153D938A4F1841F2FAAA378 /* SupabaseService.swift in Sources */ = {isa = PBXBuildFile; fileRef = 20FCFA3E8DFF79FB2756DB86 /* SupabaseService.swift */; };
		41A2D86728D330F93776A66E /* GoogleMobileAds in Frameworks */ = {isa = PBXBuildFile; productRef = 0B1969429EE35756CE1F0012 /* GoogleMobileAds */; };
		4319AAEC9E8BB7DA0C6B1DB9 /* PlantDetailViewModel.swift in Sources */ = {isa = PBXBuildFile; fileRef = 613763BA1253878754516768 /* PlantDetailViewModel.swift */; };
		47375A6591E61095E8B8EFF5 /* SignInView.swift in Sources */ = {isa = PBXBuildFile; fileRef = 20BF5D9A4BD8CDD1D662B102 /* SignInView.swift */; };
		5587076B456BADEA42474DD4 /* AddPlantView.swift in Sources */ = {isa = PBXBuildFile; fileRef = 7AFDCBFBE3ABEB2BA466EBC1 /* AddPlantView.swift */; };
		57D58C5F5EF732B96DE51684 /* ImageStore.swift in Sources */ = {isa = PBXBuildFile; fileRef = BB7FAE20867D33B75380E98A /* ImageStore.swift */; };
		5A53BCE689FE86CD4E1D20B0 /* SyncEngine.swift in Sources */ = {isa = PBXBuildFile; fileRef = AF6DCEF89DA333D9D6622BCB /* SyncEngine.swift */; };
		5EE938DA38BE6CD310F6D311 /* ImageComparisonSlider.swift in Sources */ = {isa = PBXBuildFile; fileRef = 62BAFEC3B48020BC8A506801 /* ImageComparisonSlider.swift */; };
		5F84C1D337C715F08706BE21 /* UserPlan.swift in Sources */ = {isa = PBXBuildFile; fileRef = ADB233720CA6AF7B11B49A55 /* UserPlan.swift */; };
		5FEB32A3E8DFF5111018D890 /* AnalyticsService.swift in Sources */ = {isa = PBXBuildFile; fileRef = F5C20E7DFDF4C5E4259EF652 /* AnalyticsService.swift */; };
		61CFEDBB0FBB5EC1DF33B120 /* TimelineView.swift in Sources */ = {isa = PBXBuildFile; fileRef = 2123B8ADBF8CFCFB4F6DDAED /* TimelineView.swift */; };
		64586BF2B84D09F6A2846534 /* SubscriptionService.swift in Sources */ = {isa = PBXBuildFile; fileRef = F73C73C03D6904DF08D3FD35 /* SubscriptionService.swift */; };
		65F94B5D2F9AE103126BF7F5 /* GoogleSignIn in Frameworks */ = {isa = PBXBuildFile; productRef = A84AE283CDBFACBAC94E8CE4 /* GoogleSignIn */; };
		66F011EBD45ED901E5913967 /* PlantDetailView.swift in Sources */ = {isa = PBXBuildFile; fileRef = F1AC0095BEBE900747D4DA5E /* PlantDetailView.swift */; };
		747823492E7FEAF383160034 /* RootView.swift in Sources */ = {isa = PBXBuildFile; fileRef = 4B14D87D42DD6392A3545B38 /* RootView.swift */; };
		7883E8E9C481C149AD2E2FF1 /* CameraService.swift in Sources */ = {isa = PBXBuildFile; fileRef = 46306554A82171C0E12FD9B2 /* CameraService.swift */; };
		7C4E608186F298A71205F8FC /* QuickLogViewModel.swift in Sources */ = {isa = PBXBuildFile; fileRef = 724C7EDBEE948B94082015F5 /* QuickLogViewModel.swift */; };
		81B918F29E60E0C6F4449622 /* CameraView.swift in Sources */ = {isa = PBXBuildFile; fileRef = ADCB49B70F04ACB4688C3B32 /* CameraView.swift */; };
		86C037336E3055A866650C78 /* CareCalendarView.swift in Sources */ = {isa = PBXBuildFile; fileRef = 3E5CF64003600466B4C5B275 /* CareCalendarView.swift */; };
		880D3432516DC33D8483894C /* NodeApp.swift in Sources */ = {isa = PBXBuildFile; fileRef = F0646EBFBCC733D162A193DB /* NodeApp.swift */; };
		8C64E0236E6EFBF60D2F2D09 /* EditPlantViewModel.swift in Sources */ = {isa = PBXBuildFile; fileRef = 6B38DE10CC355E8DBD8FA9EE /* EditPlantViewModel.swift */; };
		8DBEE6BC9CF874D5DDEBB20C /* CollectionViewModel.swift in Sources */ = {isa = PBXBuildFile; fileRef = 8651BD6869DF8D2A2609AC29 /* CollectionViewModel.swift */; };
		8EA899236AFFE6E438D3787E /* BulkQuickLogSheet.swift in Sources */ = {isa = PBXBuildFile; fileRef = B635A8AD5CF2524E5CCD3009 /* BulkQuickLogSheet.swift */; };
		92687FE048CCD13A42ACE8D5 /* BulkQuickLogViewModel.swift in Sources */ = {isa = PBXBuildFile; fileRef = A61F36E383B38C10B3743111 /* BulkQuickLogViewModel.swift */; };
		981B76BBD2120817C7DAE678 /* NodeDateFormat.swift in Sources */ = {isa = PBXBuildFile; fileRef = B722B9F5F6CB8B1DD3FB26D4 /* NodeDateFormat.swift */; };
		A1AE385A5D0B32C0E7A10425 /* RecordDeletionService.swift in Sources */ = {isa = PBXBuildFile; fileRef = 2CBF394417CDAEE1D8CDA206 /* RecordDeletionService.swift */; };
		A45E1FEB2F54601A3E2E749E /* TimelapseView.swift in Sources */ = {isa = PBXBuildFile; fileRef = D79DC9E2B71F66BCED7BB072 /* TimelapseView.swift */; };
		AC13C970CA2A38B2413CA780 /* StorageStatsService.swift in Sources */ = {isa = PBXBuildFile; fileRef = E9BD926FBE5450B3BDE14A39 /* StorageStatsService.swift */; };
		ADCE2FA7EE0C2137B1002AE0 /* CollectionView.swift in Sources */ = {isa = PBXBuildFile; fileRef = 3B6A25FC8A975F1AF1CDA7EB /* CollectionView.swift */; };
		AF1000044007279B1C29E2B1 /* EditObservationSheet.swift in Sources */ = {isa = PBXBuildFile; fileRef = A22C153CAF48017A09F4879D /* EditObservationSheet.swift */; };
		AFAF4B36BF31FAB40F5FE1BD /* TimelineViewModel.swift in Sources */ = {isa = PBXBuildFile; fileRef = 6B8788112F392BEB123A4BEE /* TimelineViewModel.swift */; };
		B07A5F0418E6B00604C085C4 /* EditGrowthLogViewModel.swift in Sources */ = {isa = PBXBuildFile; fileRef = 635E2DE38CF53ED88944069E /* EditGrowthLogViewModel.swift */; };
		B3DB54FBE62CFFEF32FAB578 /* SettingsViewModel.swift in Sources */ = {isa = PBXBuildFile; fileRef = 43FAE9AE05B4A8C123F669B6 /* SettingsViewModel.swift */; };
		B6146E778C07ECBFA5D5EB3A /* AdMobConfig.swift in Sources */ = {isa = PBXBuildFile; fileRef = 2EFC2668E5A46ABFB81BACAE /* AdMobConfig.swift */; };
		B6C98B6DBF9525C98991AE4A /* QuickLogSheet.swift in Sources */ = {isa = PBXBuildFile; fileRef = C69F5090E2CC4C0C9E20CC94 /* QuickLogSheet.swift */; };
		BEBA1A038E4533F14C879B62 /* EditGrowthLogSheet.swift in Sources */ = {isa = PBXBuildFile; fileRef = 78DEBCDB5187CC0311F7CF00 /* EditGrowthLogSheet.swift */; };
		C05E32CE4F7380E281676C47 /* AuthViewModel.swift in Sources */ = {isa = PBXBuildFile; fileRef = 12E61EACA37D4369C5DA040E /* AuthViewModel.swift */; };
		C4C7806C643A5C4F8F93E587 /* PostHog in Frameworks */ = {isa = PBXBuildFile; productRef = 4D8F49FB95CE6AD7C8ED741C /* PostHog */; };
		C81996266C7DC4138ECECDF0 /* AppEnvironment.swift in Sources */ = {isa = PBXBuildFile; fileRef = 7D3A190C3DF695FB5C5BF130 /* AppEnvironment.swift */; };
		C8874DDE32E6EC333E2C49D7 /* CompareView.swift in Sources */ = {isa = PBXBuildFile; fileRef = DD2A1C1F7EDFB8FBAD4441EA /* CompareView.swift */; };
		CD0235C8A3A881DC069338F0 /* AdMobService.swift in Sources */ = {isa = PBXBuildFile; fileRef = CBDA7C83C3E61F3CF585C420 /* AdMobService.swift */; };
		CEBFBBBC95BE4D262BEFD0C2 /* AppTypes.swift in Sources */ = {isa = PBXBuildFile; fileRef = 8CB44A47DD8FBCD85B28DED9 /* AppTypes.swift */; };
		D1D1318F0E96AD885CF7AC9E /* Assets.xcassets in Resources */ = {isa = PBXBuildFile; fileRef = 31085A570CF2D48C986525E5 /* Assets.xcassets */; };
		D3B3B76303C8E0CBC6B80DE8 /* EditObservationViewModel.swift in Sources */ = {isa = PBXBuildFile; fileRef = 3A3F2726954C09CA5E7EB98F /* EditObservationViewModel.swift */; };
		D48DA4BBA82D0A6A0CE17E5A /* PrivacyPolicyWebView.swift in Sources */ = {isa = PBXBuildFile; fileRef = 91C328E474E58EDDEDE3A2A9 /* PrivacyPolicyWebView.swift */; };
		D81AC9C40560EA4D66F1CA5F /* privacy.html in Resources */ = {isa = PBXBuildFile; fileRef = 72CE44D9237E8BC2FB59E903 /* privacy.html */; };
		DBA0E539658898F5D87F1978 /* Products.storekit in Resources */ = {isa = PBXBuildFile; fileRef = 8C1EF377B28E5A58DE9C446B /* Products.storekit */; };
		E95A1AFE72BCF507A2BB7AF5 /* ObservationImageService.swift in Sources */ = {isa = PBXBuildFile; fileRef = B7F28E9404B202F795DC1613 /* ObservationImageService.swift */; };
		F25D4090C87A6F39A53BF404 /* SettingsView.swift in Sources */ = {isa = PBXBuildFile; fileRef = B2D35AD702BCBDC6A83567FC /* SettingsView.swift */; };
		F2EBBECEC1C75E8CC74C46F6 /* NodeModels.swift in Sources */ = {isa = PBXBuildFile; fileRef = 05713E922927EDC5EE46DEA7 /* NodeModels.swift */; };
/* End PBXBuildFile section */

/* Begin PBXFileReference section */
		01D4E7260F1B103C79D3ECEB /* Secrets.xcconfig */ = {isa = PBXFileReference; lastKnownFileType = text.xcconfig; path = Secrets.xcconfig; sourceTree = "<group>"; };
		05713E922927EDC5EE46DEA7 /* NodeModels.swift */ = {isa = PBXFileReference; lastKnownFileType = sourcecode.swift; path = NodeModels.swift; sourceTree = "<group>"; };
		12E61EACA37D4369C5DA040E /* AuthViewModel.swift */ = {isa = PBXFileReference; lastKnownFileType = sourcecode.swift; path = AuthViewModel.swift; sourceTree = "<group>"; };
		173EB8C58286F7A75BD73E10 /* NodeComponents.swift */ = {isa = PBXFileReference; lastKnownFileType = sourcecode.swift; path = NodeComponents.swift; sourceTree = "<group>"; };
		20BF5D9A4BD8CDD1D662B102 /* SignInView.swift */ = {isa = PBXFileReference; lastKnownFileType = sourcecode.swift; path = SignInView.swift; sourceTree = "<group>"; };
		20FCFA3E8DFF79FB2756DB86 /* SupabaseService.swift */ = {isa = PBXFileReference; lastKnownFileType = sourcecode.swift; path = SupabaseService.swift; sourceTree = "<group>"; };
		2123B8ADBF8CFCFB4F6DDAED /* TimelineView.swift */ = {isa = PBXFileReference; lastKnownFileType = sourcecode.swift; path = TimelineView.swift; sourceTree = "<group>"; };
		2A0D902F5AE65DD571538F9B /* CompareObservationCalendar.swift */ = {isa = PBXFileReference; lastKnownFileType = sourcecode.swift; path = CompareObservationCalendar.swift; sourceTree = "<group>"; };
		2B0EE5361A5A906664DA3DDA /* CompareRequirementSheet.swift */ = {isa = PBXFileReference; lastKnownFileType = sourcecode.swift; path = CompareRequirementSheet.swift; sourceTree = "<group>"; };
		2C646E69668CA8975B0355C1 /* WateringIntervalSection.swift */ = {isa = PBXFileReference; lastKnownFileType = sourcecode.swift; path = WateringIntervalSection.swift; sourceTree = "<group>"; };
		2CBF394417CDAEE1D8CDA206 /* RecordDeletionService.swift */ = {isa = PBXFileReference; lastKnownFileType = sourcecode.swift; path = RecordDeletionService.swift; sourceTree = "<group>"; };
		2EFC2668E5A46ABFB81BACAE /* AdMobConfig.swift */ = {isa = PBXFileReference; lastKnownFileType = sourcecode.swift; path = AdMobConfig.swift; sourceTree = "<group>"; };
		31085A570CF2D48C986525E5 /* Assets.xcassets */ = {isa = PBXFileReference; lastKnownFileType = folder.assetcatalog; path = Assets.xcassets; sourceTree = "<group>"; };
		3A3F2726954C09CA5E7EB98F /* EditObservationViewModel.swift */ = {isa = PBXFileReference; lastKnownFileType = sourcecode.swift; path = EditObservationViewModel.swift; sourceTree = "<group>"; };
		3B6A25FC8A975F1AF1CDA7EB /* CollectionView.swift */ = {isa = PBXFileReference; lastKnownFileType = sourcecode.swift; path = CollectionView.swift; sourceTree = "<group>"; };
		3E5CF64003600466B4C5B275 /* CareCalendarView.swift */ = {isa = PBXFileReference; lastKnownFileType = sourcecode.swift; path = CareCalendarView.swift; sourceTree = "<group>"; };
		400B1B9AA5FFEE873994DE26 /* Node.entitlements */ = {isa = PBXFileReference; lastKnownFileType = text.plist.entitlements; path = Node.entitlements; sourceTree = "<group>"; };
		43FAE9AE05B4A8C123F669B6 /* SettingsViewModel.swift */ = {isa = PBXFileReference; lastKnownFileType = sourcecode.swift; path = SettingsViewModel.swift; sourceTree = "<group>"; };
		46306554A82171C0E12FD9B2 /* CameraService.swift */ = {isa = PBXFileReference; lastKnownFileType = sourcecode.swift; path = CameraService.swift; sourceTree = "<group>"; };
		4804134E2D404667CBD3EE44 /* LegalConfig.swift */ = {isa = PBXFileReference; lastKnownFileType = sourcecode.swift; path = LegalConfig.swift; sourceTree = "<group>"; };
		4B14D87D42DD6392A3545B38 /* RootView.swift */ = {isa = PBXFileReference; lastKnownFileType = sourcecode.swift; path = RootView.swift; sourceTree = "<group>"; };
		51A94ACB1051042365F85673 /* Node.app */ = {isa = PBXFileReference; explicitFileType = wrapper.application; includeInIndex = 0; path = Node.app; sourceTree = BUILT_PRODUCTS_DIR; };
		5D96D305566A34F142C1DC1B /* PlanService.swift */ = {isa = PBXFileReference; lastKnownFileType = sourcecode.swift; path = PlanService.swift; sourceTree = "<group>"; };
		613763BA1253878754516768 /* PlantDetailViewModel.swift */ = {isa = PBXFileReference; lastKnownFileType = sourcecode.swift; path = PlantDetailViewModel.swift; sourceTree = "<group>"; };
		62BAFEC3B48020BC8A506801 /* ImageComparisonSlider.swift */ = {isa = PBXFileReference; lastKnownFileType = sourcecode.swift; path = ImageComparisonSlider.swift; sourceTree = "<group>"; };
		635E2DE38CF53ED88944069E /* EditGrowthLogViewModel.swift */ = {isa = PBXFileReference; lastKnownFileType = sourcecode.swift; path = EditGrowthLogViewModel.swift; sourceTree = "<group>"; };
		68846818E5EBB8DC2984E8BD /* AnalyticsConfig.swift */ = {isa = PBXFileReference; lastKnownFileType = sourcecode.swift; path = AnalyticsConfig.swift; sourceTree = "<group>"; };
		6952EE3AD2E917CBFE2DAF1B /* NodeTabBar.swift */ = {isa = PBXFileReference; lastKnownFileType = sourcecode.swift; path = NodeTabBar.swift; sourceTree = "<group>"; };
		6B38DE10CC355E8DBD8FA9EE /* EditPlantViewModel.swift */ = {isa = PBXFileReference; lastKnownFileType = sourcecode.swift; path = EditPlantViewModel.swift; sourceTree = "<group>"; };
		6B8788112F392BEB123A4BEE /* TimelineViewModel.swift */ = {isa = PBXFileReference; lastKnownFileType = sourcecode.swift; path = TimelineViewModel.swift; sourceTree = "<group>"; };
		724C7EDBEE948B94082015F5 /* QuickLogViewModel.swift */ = {isa = PBXFileReference; lastKnownFileType = sourcecode.swift; path = QuickLogViewModel.swift; sourceTree = "<group>"; };
		72CE44D9237E8BC2FB59E903 /* privacy.html */ = {isa = PBXFileReference; lastKnownFileType = text.html; path = privacy.html; sourceTree = "<group>"; };
		73B66A1059A19B2D24E0FFBC /* ReleaseConfig.swift */ = {isa = PBXFileReference; lastKnownFileType = sourcecode.swift; path = ReleaseConfig.swift; sourceTree = "<group>"; };
		78DEBCDB5187CC0311F7CF00 /* EditGrowthLogSheet.swift */ = {isa = PBXFileReference; lastKnownFileType = sourcecode.swift; path = EditGrowthLogSheet.swift; sourceTree = "<group>"; };
		7AFDCBFBE3ABEB2BA466EBC1 /* AddPlantView.swift */ = {isa = PBXFileReference; lastKnownFileType = sourcecode.swift; path = AddPlantView.swift; sourceTree = "<group>"; };
		7D3A190C3DF695FB5C5BF130 /* AppEnvironment.swift */ = {isa = PBXFileReference; lastKnownFileType = sourcecode.swift; path = AppEnvironment.swift; sourceTree = "<group>"; };
		8651BD6869DF8D2A2609AC29 /* CollectionViewModel.swift */ = {isa = PBXFileReference; lastKnownFileType = sourcecode.swift; path = CollectionViewModel.swift; sourceTree = "<group>"; };
		8C1EF377B28E5A58DE9C446B /* Products.storekit */ = {isa = PBXFileReference; lastKnownFileType = text; path = Products.storekit; sourceTree = "<group>"; };
		8CB44A47DD8FBCD85B28DED9 /* AppTypes.swift */ = {isa = PBXFileReference; lastKnownFileType = sourcecode.swift; path = AppTypes.swift; sourceTree = "<group>"; };
		91C328E474E58EDDEDE3A2A9 /* PrivacyPolicyWebView.swift */ = {isa = PBXFileReference; lastKnownFileType = sourcecode.swift; path = PrivacyPolicyWebView.swift; sourceTree = "<group>"; };
		A0F18792680177516BDD3A1A /* Info.plist */ = {isa = PBXFileReference; lastKnownFileType = text.plist; path = Info.plist; sourceTree = "<group>"; };
		A22C153CAF48017A09F4879D /* EditObservationSheet.swift */ = {isa = PBXFileReference; lastKnownFileType = sourcecode.swift; path = EditObservationSheet.swift; sourceTree = "<group>"; };
		A54D8E2029ACE5BFC614F1B7 /* StorageFormat.swift */ = {isa = PBXFileReference; lastKnownFileType = sourcecode.swift; path = StorageFormat.swift; sourceTree = "<group>"; };
		A61F36E383B38C10B3743111 /* BulkQuickLogViewModel.swift */ = {isa = PBXFileReference; lastKnownFileType = sourcecode.swift; path = BulkQuickLogViewModel.swift; sourceTree = "<group>"; };
		A7B3BFE7E835AF680B7A35FC /* CameraViewModel.swift */ = {isa = PBXFileReference; lastKnownFileType = sourcecode.swift; path = CameraViewModel.swift; sourceTree = "<group>"; };
		AAC7FBEB6BC979EC04C9E28A /* PhotoLibraryPicker.swift */ = {isa = PBXFileReference; lastKnownFileType = sourcecode.swift; path = PhotoLibraryPicker.swift; sourceTree = "<group>"; };
		ADB233720CA6AF7B11B49A55 /* UserPlan.swift */ = {isa = PBXFileReference; lastKnownFileType = sourcecode.swift; path = UserPlan.swift; sourceTree = "<group>"; };
		ADCB49B70F04ACB4688C3B32 /* CameraView.swift */ = {isa = PBXFileReference; lastKnownFileType = sourcecode.swift; path = CameraView.swift; sourceTree = "<group>"; };
		AF6DCEF89DA333D9D6622BCB /* SyncEngine.swift */ = {isa = PBXFileReference; lastKnownFileType = sourcecode.swift; path = SyncEngine.swift; sourceTree = "<group>"; };
		B2D35AD702BCBDC6A83567FC /* SettingsView.swift */ = {isa = PBXFileReference; lastKnownFileType = sourcecode.swift; path = SettingsView.swift; sourceTree = "<group>"; };
		B635A8AD5CF2524E5CCD3009 /* BulkQuickLogSheet.swift */ = {isa = PBXFileReference; lastKnownFileType = sourcecode.swift; path = BulkQuickLogSheet.swift; sourceTree = "<group>"; };
		B6D9D3A5F0A3D71E05DB7A1D /* ObservationRequirementSheet.swift */ = {isa = PBXFileReference; lastKnownFileType = sourcecode.swift; path = ObservationRequirementSheet.swift; sourceTree = "<group>"; };
		B722B9F5F6CB8B1DD3FB26D4 /* NodeDateFormat.swift */ = {isa = PBXFileReference; lastKnownFileType = sourcecode.swift; path = NodeDateFormat.swift; sourceTree = "<group>"; };
		B7F28E9404B202F795DC1613 /* ObservationImageService.swift */ = {isa = PBXFileReference; lastKnownFileType = sourcecode.swift; path = ObservationImageService.swift; sourceTree = "<group>"; };
		BB127F95E1335E07978ABAFA /* TimelapseService.swift */ = {isa = PBXFileReference; lastKnownFileType = sourcecode.swift; path = TimelapseService.swift; sourceTree = "<group>"; };
		BB7FAE20867D33B75380E98A /* ImageStore.swift */ = {isa = PBXFileReference; lastKnownFileType = sourcecode.swift; path = ImageStore.swift; sourceTree = "<group>"; };
		BE2DA37C36C00BED7912124F /* CompareViewModel.swift */ = {isa = PBXFileReference; lastKnownFileType = sourcecode.swift; path = CompareViewModel.swift; sourceTree = "<group>"; };
		C1002FF3E000A5264672835E /* TimelapseVideoGenerator.swift */ = {isa = PBXFileReference; lastKnownFileType = sourcecode.swift; path = TimelapseVideoGenerator.swift; sourceTree = "<group>"; };
		C69F5090E2CC4C0C9E20CC94 /* QuickLogSheet.swift */ = {isa = PBXFileReference; lastKnownFileType = sourcecode.swift; path = QuickLogSheet.swift; sourceTree = "<group>"; };
		CBDA7C83C3E61F3CF585C420 /* AdMobService.swift */ = {isa = PBXFileReference; lastKnownFileType = sourcecode.swift; path = AdMobService.swift; sourceTree = "<group>"; };
		CDAD6269AF7E77B2A1C82F13 /* NodeDesignTokens.swift */ = {isa = PBXFileReference; lastKnownFileType = sourcecode.swift; path = NodeDesignTokens.swift; sourceTree = "<group>"; };
		D38DDCA33DA67C28E2017AE2 /* AddPlantViewModel.swift */ = {isa = PBXFileReference; lastKnownFileType = sourcecode.swift; path = AddPlantViewModel.swift; sourceTree = "<group>"; };
		D79DC9E2B71F66BCED7BB072 /* TimelapseView.swift */ = {isa = PBXFileReference; lastKnownFileType = sourcecode.swift; path = TimelapseView.swift; sourceTree = "<group>"; };
		DD2A1C1F7EDFB8FBAD4441EA /* CompareView.swift */ = {isa = PBXFileReference; lastKnownFileType = sourcecode.swift; path = CompareView.swift; sourceTree = "<group>"; };
		E0ADC732A42D111B21670355 /* AppInfo.swift */ = {isa = PBXFileReference; lastKnownFileType = sourcecode.swift; path = AppInfo.swift; sourceTree = "<group>"; };
		E9BD926FBE5450B3BDE14A39 /* StorageStatsService.swift */ = {isa = PBXFileReference; lastKnownFileType = sourcecode.swift; path = StorageStatsService.swift; sourceTree = "<group>"; };
		F0646EBFBCC733D162A193DB /* NodeApp.swift */ = {isa = PBXFileReference; lastKnownFileType = sourcecode.swift; path = NodeApp.swift; sourceTree = "<group>"; };
		F1AC0095BEBE900747D4DA5E /* PlantDetailView.swift */ = {isa = PBXFileReference; lastKnownFileType = sourcecode.swift; path = PlantDetailView.swift; sourceTree = "<group>"; };
		F5C20E7DFDF4C5E4259EF652 /* AnalyticsService.swift */ = {isa = PBXFileReference; lastKnownFileType = sourcecode.swift; path = AnalyticsService.swift; sourceTree = "<group>"; };
		F73C73C03D6904DF08D3FD35 /* SubscriptionService.swift */ = {isa = PBXFileReference; lastKnownFileType = sourcecode.swift; path = SubscriptionService.swift; sourceTree = "<group>"; };
		FB56C678DE8B6DC0A5C7955C /* EditPlantView.swift */ = {isa = PBXFileReference; lastKnownFileType = sourcecode.swift; path = EditPlantView.swift; sourceTree = "<group>"; };
/* End PBXFileReference section */

/* Begin PBXFrameworksBuildPhase section */
		A2F1AF8687709D2EBEFCDDDC /* Frameworks */ = {
			isa = PBXFrameworksBuildPhase;
			buildActionMask = 2147483647;
			files = (
				37516A76FD633F8AB88CFAF9 /* Supabase in Frameworks */,
				65F94B5D2F9AE103126BF7F5 /* GoogleSignIn in Frameworks */,
				41A2D86728D330F93776A66E /* GoogleMobileAds in Frameworks */,
				C4C7806C643A5C4F8F93E587 /* PostHog in Frameworks */,
			);
			runOnlyForDeploymentPostprocessing = 0;
		};
/* End PBXFrameworksBuildPhase section */

/* Begin PBXGroup section */
		0B3AC4D6E0F0298F85D77D50 /* EditObservation */ = {
			isa = PBXGroup;
			children = (
				78DEBCDB5187CC0311F7CF00 /* EditGrowthLogSheet.swift */,
				635E2DE38CF53ED88944069E /* EditGrowthLogViewModel.swift */,
				A22C153CAF48017A09F4879D /* EditObservationSheet.swift */,
				3A3F2726954C09CA5E7EB98F /* EditObservationViewModel.swift */,
			);
			path = EditObservation;
			sourceTree = "<group>";
		};
		23BFB820BAE929743801891E /* Resources */ = {
			isa = PBXGroup;
			children = (
				72CE44D9237E8BC2FB59E903 /* privacy.html */,
			);
			path = Resources;
			sourceTree = "<group>";
		};
		2F787EB7BF09AFF648C08DD3 /* Core */ = {
			isa = PBXGroup;
			children = (
				D33EBC3EC11C6EC147E99D3F /* Config */,
				9EBC9BA7D4B2945656B08EEF /* DesignSystem */,
				EAD5BC16FA26087F3260661C /* Models */,
				EE2AB189FBE818A9812DDEA9 /* Services */,
			);
			path = Core;
			sourceTree = "<group>";
		};
		3572419BEF34EA23FBC047AB /* Components */ = {
			isa = PBXGroup;
			children = (
				62BAFEC3B48020BC8A506801 /* ImageComparisonSlider.swift */,
				173EB8C58286F7A75BD73E10 /* NodeComponents.swift */,
				6952EE3AD2E917CBFE2DAF1B /* NodeTabBar.swift */,
				AAC7FBEB6BC979EC04C9E28A /* PhotoLibraryPicker.swift */,
				2C646E69668CA8975B0355C1 /* WateringIntervalSection.swift */,
			);
			path = Components;
			sourceTree = "<group>";
		};
		3CC74C0E068739494F512B17 /* Timeline */ = {
			isa = PBXGroup;
			children = (
				2123B8ADBF8CFCFB4F6DDAED /* TimelineView.swift */,
				6B8788112F392BEB123A4BEE /* TimelineViewModel.swift */,
			);
			path = Timeline;
			sourceTree = "<group>";
		};
		404E54F2375C2B2BBB9E95ED /* Config */ = {
			isa = PBXGroup;
			children = (
				8C1EF377B28E5A58DE9C446B /* Products.storekit */,
				01D4E7260F1B103C79D3ECEB /* Secrets.xcconfig */,
			);
			path = Config;
			sourceTree = "<group>";
		};
		43FBD62BF434B431CF2F8354 /* Collection */ = {
			isa = PBXGroup;
			children = (
				3B6A25FC8A975F1AF1CDA7EB /* CollectionView.swift */,
				8651BD6869DF8D2A2609AC29 /* CollectionViewModel.swift */,
			);
			path = Collection;
			sourceTree = "<group>";
		};
		447CBBF5DA8489DE075B5C29 /* EditPlant */ = {
			isa = PBXGroup;
			children = (
				FB56C678DE8B6DC0A5C7955C /* EditPlantView.swift */,
				6B38DE10CC355E8DBD8FA9EE /* EditPlantViewModel.swift */,
			);
			path = EditPlant;
			sourceTree = "<group>";
		};
		55555F5F5BC991B3F86F3766 /* AddPlant */ = {
			isa = PBXGroup;
			children = (
				7AFDCBFBE3ABEB2BA466EBC1 /* AddPlantView.swift */,
				D38DDCA33DA67C28E2017AE2 /* AddPlantViewModel.swift */,
			);
			path = AddPlant;
			sourceTree = "<group>";
		};
		5E4F8605D84B28986F4F948C /* Timelapse */ = {
			isa = PBXGroup;
			children = (
				D79DC9E2B71F66BCED7BB072 /* TimelapseView.swift */,
			);
			path = Timelapse;
			sourceTree = "<group>";
		};
		616B07BD5B943377193FE065 /* Features */ = {
			isa = PBXGroup;
			children = (
				55555F5F5BC991B3F86F3766 /* AddPlant */,
				9AEB15FA74A346C4CE3B637A /* Auth */,
				C4E007BC3B38B6F429F08679 /* Camera */,
				43FBD62BF434B431CF2F8354 /* Collection */,
				E67C60C59379D72433992326 /* Compare */,
				0B3AC4D6E0F0298F85D77D50 /* EditObservation */,
				447CBBF5DA8489DE075B5C29 /* EditPlant */,
				AFDF403B413C012EEFC48B22 /* PlantDetail */,
				B0405F1690D09EFBA81CE1AC /* QuickLog */,
				CB3DC8E40F970E84A5D37EC6 /* Settings */,
				5E4F8605D84B28986F4F948C /* Timelapse */,
				3CC74C0E068739494F512B17 /* Timeline */,
			);
			path = Features;
			sourceTree = "<group>";
		};
		82B159BC31FC24A4A1DDCC8C /* App */ = {
			isa = PBXGroup;
			children = (
				7D3A190C3DF695FB5C5BF130 /* AppEnvironment.swift */,
				F0646EBFBCC733D162A193DB /* NodeApp.swift */,
				4B14D87D42DD6392A3545B38 /* RootView.swift */,
			);
			path = App;
			sourceTree = "<group>";
		};
		99530254F87F85BBAB7B80FE = {
			isa = PBXGroup;
			children = (
				FCBFEC2086595D91EBAC7304 /* Node */,
				F8685F52C6DFA99A3FA06329 /* Products */,
			);
			sourceTree = "<group>";
		};
		9AEB15FA74A346C4CE3B637A /* Auth */ = {
			isa = PBXGroup;
			children = (
				12E61EACA37D4369C5DA040E /* AuthViewModel.swift */,
				20BF5D9A4BD8CDD1D662B102 /* SignInView.swift */,
			);
			path = Auth;
			sourceTree = "<group>";
		};
		9EBC9BA7D4B2945656B08EEF /* DesignSystem */ = {
			isa = PBXGroup;
			children = (
				B722B9F5F6CB8B1DD3FB26D4 /* NodeDateFormat.swift */,
				CDAD6269AF7E77B2A1C82F13 /* NodeDesignTokens.swift */,
				A54D8E2029ACE5BFC614F1B7 /* StorageFormat.swift */,
			);
			path = DesignSystem;
			sourceTree = "<group>";
		};
		AFDF403B413C012EEFC48B22 /* PlantDetail */ = {
			isa = PBXGroup;
			children = (
				3E5CF64003600466B4C5B275 /* CareCalendarView.swift */,
				F1AC0095BEBE900747D4DA5E /* PlantDetailView.swift */,
				613763BA1253878754516768 /* PlantDetailViewModel.swift */,
			);
			path = PlantDetail;
			sourceTree = "<group>";
		};
		B0405F1690D09EFBA81CE1AC /* QuickLog */ = {
			isa = PBXGroup;
			children = (
				B635A8AD5CF2524E5CCD3009 /* BulkQuickLogSheet.swift */,
				A61F36E383B38C10B3743111 /* BulkQuickLogViewModel.swift */,
				C69F5090E2CC4C0C9E20CC94 /* QuickLogSheet.swift */,
				724C7EDBEE948B94082015F5 /* QuickLogViewModel.swift */,
			);
			path = QuickLog;
			sourceTree = "<group>";
		};
		C4E007BC3B38B6F429F08679 /* Camera */ = {
			isa = PBXGroup;
			children = (
				ADCB49B70F04ACB4688C3B32 /* CameraView.swift */,
				A7B3BFE7E835AF680B7A35FC /* CameraViewModel.swift */,
				B6D9D3A5F0A3D71E05DB7A1D /* ObservationRequirementSheet.swift */,
			);
			path = Camera;
			sourceTree = "<group>";
		};
		CB3DC8E40F970E84A5D37EC6 /* Settings */ = {
			isa = PBXGroup;
			children = (
				91C328E474E58EDDEDE3A2A9 /* PrivacyPolicyWebView.swift */,
				B2D35AD702BCBDC6A83567FC /* SettingsView.swift */,
				43FAE9AE05B4A8C123F669B6 /* SettingsViewModel.swift */,
			);
			path = Settings;
			sourceTree = "<group>";
		};
		D33EBC3EC11C6EC147E99D3F /* Config */ = {
			isa = PBXGroup;
			children = (
				2EFC2668E5A46ABFB81BACAE /* AdMobConfig.swift */,
				68846818E5EBB8DC2984E8BD /* AnalyticsConfig.swift */,
				E0ADC732A42D111B21670355 /* AppInfo.swift */,
				4804134E2D404667CBD3EE44 /* LegalConfig.swift */,
				73B66A1059A19B2D24E0FFBC /* ReleaseConfig.swift */,
			);
			path = Config;
			sourceTree = "<group>";
		};
		E67C60C59379D72433992326 /* Compare */ = {
			isa = PBXGroup;
			children = (
				2A0D902F5AE65DD571538F9B /* CompareObservationCalendar.swift */,
				2B0EE5361A5A906664DA3DDA /* CompareRequirementSheet.swift */,
				DD2A1C1F7EDFB8FBAD4441EA /* CompareView.swift */,
				BE2DA37C36C00BED7912124F /* CompareViewModel.swift */,
			);
			path = Compare;
			sourceTree = "<group>";
		};
		EAD5BC16FA26087F3260661C /* Models */ = {
			isa = PBXGroup;
			children = (
				8CB44A47DD8FBCD85B28DED9 /* AppTypes.swift */,
				05713E922927EDC5EE46DEA7 /* NodeModels.swift */,
				ADB233720CA6AF7B11B49A55 /* UserPlan.swift */,
			);
			path = Models;
			sourceTree = "<group>";
		};
		EE2AB189FBE818A9812DDEA9 /* Services */ = {
			isa = PBXGroup;
			children = (
				CBDA7C83C3E61F3CF585C420 /* AdMobService.swift */,
				F5C20E7DFDF4C5E4259EF652 /* AnalyticsService.swift */,
				46306554A82171C0E12FD9B2 /* CameraService.swift */,
				BB7FAE20867D33B75380E98A /* ImageStore.swift */,
				B7F28E9404B202F795DC1613 /* ObservationImageService.swift */,
				5D96D305566A34F142C1DC1B /* PlanService.swift */,
				2CBF394417CDAEE1D8CDA206 /* RecordDeletionService.swift */,
				E9BD926FBE5450B3BDE14A39 /* StorageStatsService.swift */,
				F73C73C03D6904DF08D3FD35 /* SubscriptionService.swift */,
				20FCFA3E8DFF79FB2756DB86 /* SupabaseService.swift */,
				AF6DCEF89DA333D9D6622BCB /* SyncEngine.swift */,
				BB127F95E1335E07978ABAFA /* TimelapseService.swift */,
				C1002FF3E000A5264672835E /* TimelapseVideoGenerator.swift */,
			);
			path = Services;
			sourceTree = "<group>";
		};
		F8685F52C6DFA99A3FA06329 /* Products */ = {
			isa = PBXGroup;
			children = (
				51A94ACB1051042365F85673 /* Node.app */,
			);
			name = Products;
			sourceTree = "<group>";
		};
		FCBFEC2086595D91EBAC7304 /* Node */ = {
			isa = PBXGroup;
			children = (
				31085A570CF2D48C986525E5 /* Assets.xcassets */,
				A0F18792680177516BDD3A1A /* Info.plist */,
				400B1B9AA5FFEE873994DE26 /* Node.entitlements */,
				82B159BC31FC24A4A1DDCC8C /* App */,
				3572419BEF34EA23FBC047AB /* Components */,
				404E54F2375C2B2BBB9E95ED /* Config */,
				2F787EB7BF09AFF648C08DD3 /* Core */,
				616B07BD5B943377193FE065 /* Features */,
				23BFB820BAE929743801891E /* Resources */,
			);
			path = Node;
			sourceTree = "<group>";
		};
/* End PBXGroup section */

/* Begin PBXNativeTarget section */
		CAE125A90594DE34FF5C5A6E /* Node */ = {
			isa = PBXNativeTarget;
			buildConfigurationList = 834BFCB174A858AEA1F0F8A8 /* Build configuration list for PBXNativeTarget "Node" */;
			buildPhases = (
				B2B5D156DA4D0268B9D5855D /* Sources */,
				D851BDBCD745F68FDD892292 /* Resources */,
				A2F1AF8687709D2EBEFCDDDC /* Frameworks */,
			);
			buildRules = (
			);
			dependencies = (
			);
			name = Node;
			packageProductDependencies = (
				EEF0F78A2ADB4468ED581DC2 /* Supabase */,
				A84AE283CDBFACBAC94E8CE4 /* GoogleSignIn */,
				0B1969429EE35756CE1F0012 /* GoogleMobileAds */,
				4D8F49FB95CE6AD7C8ED741C /* PostHog */,
			);
			productName = Node;
			productReference = 51A94ACB1051042365F85673 /* Node.app */;
			productType = "com.apple.product-type.application";
		};
/* End PBXNativeTarget section */

/* Begin PBXProject section */
		628FC243FB6813CC9324EE6D /* Project object */ = {
			isa = PBXProject;
			attributes = {
				BuildIndependentTargetsInParallel = YES;
				LastUpgradeCheck = 1500;
				TargetAttributes = {
					CAE125A90594DE34FF5C5A6E = {
						ProvisioningStyle = Automatic;
					};
				};
			};
			buildConfigurationList = A2D4E7277F393306E9A1928E /* Build configuration list for PBXProject "Node" */;
			developmentRegion = en;
			hasScannedForEncodings = 0;
			knownRegions = (
				Base,
				en,
			);
			mainGroup = 99530254F87F85BBAB7B80FE;
			minimizedProjectReferenceProxies = 1;
			packageReferences = (
				E23E74C8C1F4F5C26F215105 /* XCRemoteSwiftPackageReference "swift-package-manager-google-mobile-ads" */,
				99EC2D94BF56AD2DEE14FA42 /* XCRemoteSwiftPackageReference "GoogleSignIn-iOS" */,
				9E4C411FEB11F392A577C8AB /* XCRemoteSwiftPackageReference "posthog-ios" */,
				B67E2BECFF4E64DD38FED096 /* XCRemoteSwiftPackageReference "supabase-swift" */,
			);
			preferredProjectObjectVersion = 77;
			productRefGroup = F8685F52C6DFA99A3FA06329 /* Products */;
			projectDirPath = "";
			projectRoot = "";
			targets = (
				CAE125A90594DE34FF5C5A6E /* Node */,
			);
		};
/* End PBXProject section */

/* Begin PBXResourcesBuildPhase section */
		D851BDBCD745F68FDD892292 /* Resources */ = {
			isa = PBXResourcesBuildPhase;
			buildActionMask = 2147483647;
			files = (
				D1D1318F0E96AD885CF7AC9E /* Assets.xcassets in Resources */,
				DBA0E539658898F5D87F1978 /* Products.storekit in Resources */,
				D81AC9C40560EA4D66F1CA5F /* privacy.html in Resources */,
			);
			runOnlyForDeploymentPostprocessing = 0;
		};
/* End PBXResourcesBuildPhase section */

/* Begin PBXSourcesBuildPhase section */
		B2B5D156DA4D0268B9D5855D /* Sources */ = {
			isa = PBXSourcesBuildPhase;
			buildActionMask = 2147483647;
			files = (
				B6146E778C07ECBFA5D5EB3A /* AdMobConfig.swift in Sources */,
				CD0235C8A3A881DC069338F0 /* AdMobService.swift in Sources */,
				5587076B456BADEA42474DD4 /* AddPlantView.swift in Sources */,
				3E07870EC7E41B6FA1B8F4C5 /* AddPlantViewModel.swift in Sources */,
				2D798CEA5B2D021832594802 /* AnalyticsConfig.swift in Sources */,
				5FEB32A3E8DFF5111018D890 /* AnalyticsService.swift in Sources */,
				C81996266C7DC4138ECECDF0 /* AppEnvironment.swift in Sources */,
				3F995938F192BEF0113096F4 /* AppInfo.swift in Sources */,
				CEBFBBBC95BE4D262BEFD0C2 /* AppTypes.swift in Sources */,
				C05E32CE4F7380E281676C47 /* AuthViewModel.swift in Sources */,
				8EA899236AFFE6E438D3787E /* BulkQuickLogSheet.swift in Sources */,
				92687FE048CCD13A42ACE8D5 /* BulkQuickLogViewModel.swift in Sources */,
				7883E8E9C481C149AD2E2FF1 /* CameraService.swift in Sources */,
				81B918F29E60E0C6F4449622 /* CameraView.swift in Sources */,
				0A464CB536C63C858E13E2A0 /* CameraViewModel.swift in Sources */,
				86C037336E3055A866650C78 /* CareCalendarView.swift in Sources */,
				ADCE2FA7EE0C2137B1002AE0 /* CollectionView.swift in Sources */,
				8DBEE6BC9CF874D5DDEBB20C /* CollectionViewModel.swift in Sources */,
				08BB455835FD98B67480F4BF /* CompareObservationCalendar.swift in Sources */,
				3BF2CC6ED01315EAAE225910 /* CompareRequirementSheet.swift in Sources */,
				C8874DDE32E6EC333E2C49D7 /* CompareView.swift in Sources */,
				32D4062E34D50169D2746BF7 /* CompareViewModel.swift in Sources */,
				BEBA1A038E4533F14C879B62 /* EditGrowthLogSheet.swift in Sources */,
				B07A5F0418E6B00604C085C4 /* EditGrowthLogViewModel.swift in Sources */,
				AF1000044007279B1C29E2B1 /* EditObservationSheet.swift in Sources */,
				D3B3B76303C8E0CBC6B80DE8 /* EditObservationViewModel.swift in Sources */,
				1F508F914083EB39DBAE04B8 /* EditPlantView.swift in Sources */,
				8C64E0236E6EFBF60D2F2D09 /* EditPlantViewModel.swift in Sources */,
				5EE938DA38BE6CD310F6D311 /* ImageComparisonSlider.swift in Sources */,
				57D58C5F5EF732B96DE51684 /* ImageStore.swift in Sources */,
				1E814D6132779360A764E221 /* LegalConfig.swift in Sources */,
				880D3432516DC33D8483894C /* NodeApp.swift in Sources */,
				3ECE3DB987BA95703601B8F4 /* NodeComponents.swift in Sources */,
				981B76BBD2120817C7DAE678 /* NodeDateFormat.swift in Sources */,
				1E9797E9DAEC2B5BD3257567 /* NodeDesignTokens.swift in Sources */,
				F2EBBECEC1C75E8CC74C46F6 /* NodeModels.swift in Sources */,
				29565849524FA535773F0F99 /* NodeTabBar.swift in Sources */,
				E95A1AFE72BCF507A2BB7AF5 /* ObservationImageService.swift in Sources */,
				096C3CFD8730F2245EC0B394 /* ObservationRequirementSheet.swift in Sources */,
				1637A610D0F1D037CECCE2F7 /* PhotoLibraryPicker.swift in Sources */,
				2BD5DFCA136E53DFDB364AC4 /* PlanService.swift in Sources */,
				66F011EBD45ED901E5913967 /* PlantDetailView.swift in Sources */,
				4319AAEC9E8BB7DA0C6B1DB9 /* PlantDetailViewModel.swift in Sources */,
				D48DA4BBA82D0A6A0CE17E5A /* PrivacyPolicyWebView.swift in Sources */,
				B6C98B6DBF9525C98991AE4A /* QuickLogSheet.swift in Sources */,
				7C4E608186F298A71205F8FC /* QuickLogViewModel.swift in Sources */,
				A1AE385A5D0B32C0E7A10425 /* RecordDeletionService.swift in Sources */,
				283DB88DC0528D6F5195B2F1 /* ReleaseConfig.swift in Sources */,
				747823492E7FEAF383160034 /* RootView.swift in Sources */,
				F25D4090C87A6F39A53BF404 /* SettingsView.swift in Sources */,
				B3DB54FBE62CFFEF32FAB578 /* SettingsViewModel.swift in Sources */,
				47375A6591E61095E8B8EFF5 /* SignInView.swift in Sources */,
				2E383B941BE578458CC1F1E4 /* StorageFormat.swift in Sources */,
				AC13C970CA2A38B2413CA780 /* StorageStatsService.swift in Sources */,
				64586BF2B84D09F6A2846534 /* SubscriptionService.swift in Sources */,
				4153D938A4F1841F2FAAA378 /* SupabaseService.swift in Sources */,
				5A53BCE689FE86CD4E1D20B0 /* SyncEngine.swift in Sources */,
				0F3F215D66FCE24F25130D34 /* TimelapseService.swift in Sources */,
				14C4B8B495E2710CD517CFC7 /* TimelapseVideoGenerator.swift in Sources */,
				A45E1FEB2F54601A3E2E749E /* TimelapseView.swift in Sources */,
				61CFEDBB0FBB5EC1DF33B120 /* TimelineView.swift in Sources */,
				AFAF4B36BF31FAB40F5FE1BD /* TimelineViewModel.swift in Sources */,
				5F84C1D337C715F08706BE21 /* UserPlan.swift in Sources */,
				346E3A01526714BEB7610A66 /* WateringIntervalSection.swift in Sources */,
			);
			runOnlyForDeploymentPostprocessing = 0;
		};
/* End PBXSourcesBuildPhase section */

/* Begin XCBuildConfiguration section */
		52AD7FA0901C13EA97AD5EAC /* Release */ = {
			isa = XCBuildConfiguration;
			baseConfigurationReference = 01D4E7260F1B103C79D3ECEB /* Secrets.xcconfig */;
			buildSettings = {
				ASSETCATALOG_COMPILER_APPICON_NAME = AppIcon;
				CODE_SIGN_ENTITLEMENTS = Node/Node.entitlements;
				CODE_SIGN_IDENTITY = "iPhone Developer";
				CURRENT_PROJECT_VERSION = 1;
				DEVELOPMENT_TEAM = 456WBLCLPJ;
				GENERATE_INFOPLIST_FILE = YES;
				INFOPLIST_FILE = Node/Info.plist;
				INFOPLIST_KEY_CFBundleDisplayName = Node.;
				INFOPLIST_KEY_NSCameraUsageDescription = "観測写真を撮影するためにカメラへのアクセスが必要です。";
				INFOPLIST_KEY_NSPhotoLibraryAddUsageDescription = "タイムラプスを写真ライブラリに保存するために必要です。";
				INFOPLIST_KEY_NSPhotoLibraryUsageDescription = "観測写真を保存・共有するために必要です。";
				INFOPLIST_KEY_UILaunchScreen_Generation = YES;
				INFOPLIST_KEY_UISupportedInterfaceOrientations = UIInterfaceOrientationPortrait;
				LD_RUNPATH_SEARCH_PATHS = (
					"$(inherited)",
					"@executable_path/Frameworks",
				);
				MARKETING_VERSION = 1.0.0;
				PRODUCT_BUNDLE_IDENTIFIER = app.node.ios;
				SDKROOT = iphoneos;
				TARGETED_DEVICE_FAMILY = "1,2";
			};
			name = Release;
		};
		8C5FC6043ED73DA93335E6FE /* Debug */ = {
			isa = XCBuildConfiguration;
			baseConfigurationReference = 01D4E7260F1B103C79D3ECEB /* Secrets.xcconfig */;
			buildSettings = {
				ALWAYS_SEARCH_USER_PATHS = NO;
				CLANG_ANALYZER_NONNULL = YES;
				CLANG_ANALYZER_NUMBER_OBJECT_CONVERSION = YES_AGGRESSIVE;
				CLANG_CXX_LANGUAGE_STANDARD = "gnu++14";
				CLANG_CXX_LIBRARY = "libc++";
				CLANG_ENABLE_MODULES = YES;
				CLANG_ENABLE_OBJC_ARC = YES;
				CLANG_ENABLE_OBJC_WEAK = YES;
				CLANG_WARN_BLOCK_CAPTURE_AUTORELEASING = YES;
				CLANG_WARN_BOOL_CONVERSION = YES;
				CLANG_WARN_COMMA = YES;
				CLANG_WARN_CONSTANT_CONVERSION = YES;
				CLANG_WARN_DEPRECATED_OBJC_IMPLEMENTATIONS = YES;
				CLANG_WARN_DIRECT_OBJC_ISA_USAGE = YES_ERROR;
				CLANG_WARN_DOCUMENTATION_COMMENTS = YES;
				CLANG_WARN_EMPTY_BODY = YES;
				CLANG_WARN_ENUM_CONVERSION = YES;
				CLANG_WARN_INFINITE_RECURSION = YES;
				CLANG_WARN_INT_CONVERSION = YES;
				CLANG_WARN_NON_LITERAL_NULL_CONVERSION = YES;
				CLANG_WARN_OBJC_IMPLICIT_RETAIN_SELF = YES;
				CLANG_WARN_OBJC_LITERAL_CONVERSION = YES;
				CLANG_WARN_OBJC_ROOT_CLASS = YES_ERROR;
				CLANG_WARN_QUOTED_INCLUDE_IN_FRAMEWORK_HEADER = YES;
				CLANG_WARN_RANGE_LOOP_ANALYSIS = YES;
				CLANG_WARN_STRICT_PROTOTYPES = YES;
				CLANG_WARN_SUSPICIOUS_MOVE = YES;
				CLANG_WARN_UNGUARDED_AVAILABILITY = YES_AGGRESSIVE;
				CLANG_WARN_UNREACHABLE_CODE = YES;
				CLANG_WARN__DUPLICATE_METHOD_MATCH = YES;
				CODE_SIGN_STYLE = Automatic;
				COPY_PHASE_STRIP = NO;
				DEBUG_INFORMATION_FORMAT = dwarf;
				DEVELOPMENT_TEAM = "";
				ENABLE_STRICT_OBJC_MSGSEND = YES;
				ENABLE_TESTABILITY = YES;
				GCC_C_LANGUAGE_STANDARD = gnu11;
				GCC_DYNAMIC_NO_PIC = NO;
				GCC_NO_COMMON_BLOCKS = YES;
				GCC_OPTIMIZATION_LEVEL = 0;
				GCC_PREPROCESSOR_DEFINITIONS = (
					"$(inherited)",
					"DEBUG=1",
				);
				GCC_WARN_64_TO_32_BIT_CONVERSION = YES;
				GCC_WARN_ABOUT_RETURN_TYPE = YES_ERROR;
				GCC_WARN_UNDECLARED_SELECTOR = YES;
				GCC_WARN_UNINITIALIZED_AUTOS = YES_AGGRESSIVE;
				GCC_WARN_UNUSED_FUNCTION = YES;
				GCC_WARN_UNUSED_VARIABLE = YES;
				IPHONEOS_DEPLOYMENT_TARGET = 17.0;
				MTL_ENABLE_DEBUG_INFO = INCLUDE_SOURCE;
				MTL_FAST_MATH = YES;
				ONLY_ACTIVE_ARCH = YES;
				PRODUCT_NAME = "$(TARGET_NAME)";
				SDKROOT = iphoneos;
				SUPPORTS_MACCATALYST = NO;
				SWIFT_ACTIVE_COMPILATION_CONDITIONS = DEBUG;
				SWIFT_OPTIMIZATION_LEVEL = "-Onone";
				SWIFT_VERSION = 5.9;
				TARGETED_DEVICE_FAMILY = 1;
			};
			name = Debug;
		};
		D8A8E0255C5E3DE94260F7BD /* Release */ = {
			isa = XCBuildConfiguration;
			baseConfigurationReference = 01D4E7260F1B103C79D3ECEB /* Secrets.xcconfig */;
			buildSettings = {
				ALWAYS_SEARCH_USER_PATHS = NO;
				CLANG_ANALYZER_NONNULL = YES;
				CLANG_ANALYZER_NUMBER_OBJECT_CONVERSION = YES_AGGRESSIVE;
				CLANG_CXX_LANGUAGE_STANDARD = "gnu++14";
				CLANG_CXX_LIBRARY = "libc++";
				CLANG_ENABLE_MODULES = YES;
				CLANG_ENABLE_OBJC_ARC = YES;
				CLANG_ENABLE_OBJC_WEAK = YES;
				CLANG_WARN_BLOCK_CAPTURE_AUTORELEASING = YES;
				CLANG_WARN_BOOL_CONVERSION = YES;
				CLANG_WARN_COMMA = YES;
				CLANG_WARN_CONSTANT_CONVERSION = YES;
				CLANG_WARN_DEPRECATED_OBJC_IMPLEMENTATIONS = YES;
				CLANG_WARN_DIRECT_OBJC_ISA_USAGE = YES_ERROR;
				CLANG_WARN_DOCUMENTATION_COMMENTS = YES;
				CLANG_WARN_EMPTY_BODY = YES;
				CLANG_WARN_ENUM_CONVERSION = YES;
				CLANG_WARN_INFINITE_RECURSION = YES;
				CLANG_WARN_INT_CONVERSION = YES;
				CLANG_WARN_NON_LITERAL_NULL_CONVERSION = YES;
				CLANG_WARN_OBJC_IMPLICIT_RETAIN_SELF = YES;
				CLANG_WARN_OBJC_LITERAL_CONVERSION = YES;
				CLANG_WARN_OBJC_ROOT_CLASS = YES_ERROR;
				CLANG_WARN_QUOTED_INCLUDE_IN_FRAMEWORK_HEADER = YES;
				CLANG_WARN_RANGE_LOOP_ANALYSIS = YES;
				CLANG_WARN_STRICT_PROTOTYPES = YES;
				CLANG_WARN_SUSPICIOUS_MOVE = YES;
				CLANG_WARN_UNGUARDED_AVAILABILITY = YES_AGGRESSIVE;
				CLANG_WARN_UNREACHABLE_CODE = YES;
				CLANG_WARN__DUPLICATE_METHOD_MATCH = YES;
				CODE_SIGN_STYLE = Automatic;
				COPY_PHASE_STRIP = NO;
				DEBUG_INFORMATION_FORMAT = "dwarf-with-dsym";
				DEVELOPMENT_TEAM = "";
				ENABLE_NS_ASSERTIONS = NO;
				ENABLE_STRICT_OBJC_MSGSEND = YES;
				GCC_C_LANGUAGE_STANDARD = gnu11;
				GCC_NO_COMMON_BLOCKS = YES;
				GCC_WARN_64_TO_32_BIT_CONVERSION = YES;
				GCC_WARN_ABOUT_RETURN_TYPE = YES_ERROR;
				GCC_WARN_UNDECLARED_SELECTOR = YES;
				GCC_WARN_UNINITIALIZED_AUTOS = YES_AGGRESSIVE;
				GCC_WARN_UNUSED_FUNCTION = YES;
				GCC_WARN_UNUSED_VARIABLE = YES;
				IPHONEOS_DEPLOYMENT_TARGET = 17.0;
				MTL_ENABLE_DEBUG_INFO = NO;
				MTL_FAST_MATH = YES;
				PRODUCT_NAME = "$(TARGET_NAME)";
				SDKROOT = iphoneos;
				SUPPORTS_MACCATALYST = NO;
				SWIFT_COMPILATION_MODE = wholemodule;
				SWIFT_OPTIMIZATION_LEVEL = "-O";
				SWIFT_VERSION = 5.9;
				TARGETED_DEVICE_FAMILY = 1;
			};
			name = Release;
		};
		DE7FBD8D6F1DBFF5851E529B /* Debug */ = {
			isa = XCBuildConfiguration;
			baseConfigurationReference = 01D4E7260F1B103C79D3ECEB /* Secrets.xcconfig */;
			buildSettings = {
				ASSETCATALOG_COMPILER_APPICON_NAME = AppIcon;
				CODE_SIGN_ENTITLEMENTS = Node/Node.entitlements;
				CODE_SIGN_IDENTITY = "iPhone Developer";
				CURRENT_PROJECT_VERSION = 1;
				DEVELOPMENT_TEAM = 456WBLCLPJ;
				GENERATE_INFOPLIST_FILE = YES;
				INFOPLIST_FILE = Node/Info.plist;
				INFOPLIST_KEY_CFBundleDisplayName = Node.;
				INFOPLIST_KEY_NSCameraUsageDescription = "観測写真を撮影するためにカメラへのアクセスが必要です。";
				INFOPLIST_KEY_NSPhotoLibraryAddUsageDescription = "タイムラプスを写真ライブラリに保存するために必要です。";
				INFOPLIST_KEY_NSPhotoLibraryUsageDescription = "観測写真を保存・共有するために必要です。";
				INFOPLIST_KEY_UILaunchScreen_Generation = YES;
				INFOPLIST_KEY_UISupportedInterfaceOrientations = UIInterfaceOrientationPortrait;
				LD_RUNPATH_SEARCH_PATHS = (
					"$(inherited)",
					"@executable_path/Frameworks",
				);
				MARKETING_VERSION = 1.0.0;
				PRODUCT_BUNDLE_IDENTIFIER = app.node.ios;
				SDKROOT = iphoneos;
				TARGETED_DEVICE_FAMILY = "1,2";
			};
			name = Debug;
		};
/* End XCBuildConfiguration section */

/* Begin XCConfigurationList section */
		834BFCB174A858AEA1F0F8A8 /* Build configuration list for PBXNativeTarget "Node" */ = {
			isa = XCConfigurationList;
			buildConfigurations = (
				DE7FBD8D6F1DBFF5851E529B /* Debug */,
				52AD7FA0901C13EA97AD5EAC /* Release */,
			);
			defaultConfigurationIsVisible = 0;
			defaultConfigurationName = Debug;
		};
		A2D4E7277F393306E9A1928E /* Build configuration list for PBXProject "Node" */ = {
			isa = XCConfigurationList;
			buildConfigurations = (
				8C5FC6043ED73DA93335E6FE /* Debug */,
				D8A8E0255C5E3DE94260F7BD /* Release */,
			);
			defaultConfigurationIsVisible = 0;
			defaultConfigurationName = Debug;
		};
/* End XCConfigurationList section */

/* Begin XCRemoteSwiftPackageReference section */
		99EC2D94BF56AD2DEE14FA42 /* XCRemoteSwiftPackageReference "GoogleSignIn-iOS" */ = {
			isa = XCRemoteSwiftPackageReference;
			repositoryURL = "https://github.com/google/GoogleSignIn-iOS";
			requirement = {
				kind = upToNextMajorVersion;
				minimumVersion = 8.0.0;
			};
		};
		9E4C411FEB11F392A577C8AB /* XCRemoteSwiftPackageReference "posthog-ios" */ = {
			isa = XCRemoteSwiftPackageReference;
			repositoryURL = "https://github.com/PostHog/posthog-ios";
			requirement = {
				kind = upToNextMajorVersion;
				minimumVersion = 3.0.0;
			};
		};
		B67E2BECFF4E64DD38FED096 /* XCRemoteSwiftPackageReference "supabase-swift" */ = {
			isa = XCRemoteSwiftPackageReference;
			repositoryURL = "https://github.com/supabase/supabase-swift";
			requirement = {
				kind = upToNextMajorVersion;
				minimumVersion = 2.0.0;
			};
		};
		E23E74C8C1F4F5C26F215105 /* XCRemoteSwiftPackageReference "swift-package-manager-google-mobile-ads" */ = {
			isa = XCRemoteSwiftPackageReference;
			repositoryURL = "https://github.com/googleads/swift-package-manager-google-mobile-ads";
			requirement = {
				kind = upToNextMajorVersion;
				minimumVersion = 11.0.0;
			};
		};
/* End XCRemoteSwiftPackageReference section */

/* Begin XCSwiftPackageProductDependency section */
		0B1969429EE35756CE1F0012 /* GoogleMobileAds */ = {
			isa = XCSwiftPackageProductDependency;
			package = E23E74C8C1F4F5C26F215105 /* XCRemoteSwiftPackageReference "swift-package-manager-google-mobile-ads" */;
			productName = GoogleMobileAds;
		};
		4D8F49FB95CE6AD7C8ED741C /* PostHog */ = {
			isa = XCSwiftPackageProductDependency;
			package = 9E4C411FEB11F392A577C8AB /* XCRemoteSwiftPackageReference "posthog-ios" */;
			productName = PostHog;
		};
		A84AE283CDBFACBAC94E8CE4 /* GoogleSignIn */ = {
			isa = XCSwiftPackageProductDependency;
			package = 99EC2D94BF56AD2DEE14FA42 /* XCRemoteSwiftPackageReference "GoogleSignIn-iOS" */;
			productName = GoogleSignIn;
		};
		EEF0F78A2ADB4468ED581DC2 /* Supabase */ = {
			isa = XCSwiftPackageProductDependency;
			package = B67E2BECFF4E64DD38FED096 /* XCRemoteSwiftPackageReference "supabase-swift" */;
			productName = Supabase;
		};
/* End XCSwiftPackageProductDependency section */
	};
	rootObject = 628FC243FB6813CC9324EE6D /* Project object */;
}
